
Microsoft Visual Studio Solution File, Format Version 12.00
# Visual Studio Version 16
VisualStudioVersion = 16.0.33529.622
MinimumVisualStudioVersion = 10.0.40219.1
Project("{9A19103F-16F7-4668-BE54-9A1E7A4F7556}") = "WallPaperGenerator", "WallPaperGenerator.csproj", "{495C7A0A-13BE-4878-ACB5-1EE3B129197C}"
EndProject
Project("{FAE04EC0-301F-11D3-BF4B-00C04F79EFBC}") = "WallPaperGeneratorTests", "..\WallPaperGeneratorTests\WallPaperGeneratorTests.csproj", "{5D26DF2A-B199-4F8F-98E4-7FBB79150E95}"
EndProject
Global
	GlobalSection(SolutionConfigurationPlatforms) = preSolution
		Debug|Any CPU = Debug|Any CPU
		Release|Any CPU = Release|Any CPU
	EndGlobalSection
	GlobalSection(ProjectConfigurationPlatforms) = postSolution
		{495C7A0A-13BE-4878-ACB5-1EE3B129197C}.Debug|Any CPU.ActiveCfg = Debug|Any CPU
		{495C7A0A-13BE-4878-ACB5-1EE3B129197C}.Debug|Any CPU.Build.0 = Debug|Any CPU
		{495C7A0A-13BE-4878-ACB5-1EE3B129197C}.Release|Any CPU.ActiveCfg = Release|Any CPU
		{495C7A0A-13BE-4878-ACB5-1EE3B129197C}.Release|Any CPU.Build.0 = Release|Any CPU
		{5D26DF2A-B199-4F8F-98E4-7FBB79150E95}.Debug|Any CPU.ActiveCfg = Debug|Any CPU
		{5D26DF2A-B199-4F8F-98E4-7FBB79150E95}.Debug|Any CPU.Build.0 = Debug|Any CPU
		{5D26DF2A-B199-4F8F-98E4-7FBB79150E95}.Release|Any CPU.ActiveCfg = Release|Any CPU
		{5D26DF2A-B199-4F8F-98E4-7FBB79150E95}.Release|Any CPU.Build.0 = Release|Any CPU
	EndGlobalSection
	GlobalSection(SolutionProperties) = preSolution
		HideSolutionNode = FALSE
	EndGlobalSection
	GlobalSection(ExtensibilityGlobals) = postSolution
		SolutionGuid = {0B8FB424-EB5F-4E70-9D8A-3C70E8B55943}
	EndGlobalSection
EndGlobal
